
Microsoft Visual Studio Solution File, Format Version 12.00
# Visual Studio Version 16
VisualStudioVersion = 16.0.31515.178
MinimumVisualStudioVersion = 10.0.40219.1
Project("{9A19103F-16F7-4668-BE54-9A1E7A4F7556}") = "DaprWeb", "DaprWeb\DaprWeb.csproj", "{F179E042-268A-4966-A2F2-061BA0118235}"
EndProject
Project("{9A19103F-16F7-4668-BE54-9A1E7A4F7556}") = "DaprApi", "DaprApi\DaprApi.csproj", "{12A75979-8472-47D4-90D3-62A425172781}"
EndProject
Project("{E53339B2-1760-4266-BCC7-CA923CBCF16C}") = "docker-compose", "docker-compose.dcproj", "{68DC06A1-9C4A-4BBD-AC5B-F7A9C501F4B6}"
EndProject
Project("{9A19103F-16F7-4668-BE54-9A1E7A4F7556}") = "DaprGrpc", "DaprGrpc\DaprGrpc.csproj", "{4EFB0675-0BAC-4EEA-8AEF-C8E74C7AB83E}"
EndProject
Project("{FAE04EC0-301F-11D3-BF4B-00C04F79EFBC}") = "DaprClient", "..\DaprClient\DaprClient.csproj", "{B10A5E7B-9EE6-4D0D-BEB0-A68D173E2BC1}"
EndProject
Global
	GlobalSection(SolutionConfigurationPlatforms) = preSolution
		Debug|Any CPU = Debug|Any CPU
		Release|Any CPU = Release|Any CPU
	EndGlobalSection
	GlobalSection(ProjectConfigurationPlatforms) = postSolution
		{F179E042-268A-4966-A2F2-061BA0118235}.Debug|Any CPU.ActiveCfg = Debug|Any CPU
		{F179E042-268A-4966-A2F2-061BA0118235}.Debug|Any CPU.Build.0 = Debug|Any CPU
		{F179E042-268A-4966-A2F2-061BA0118235}.Release|Any CPU.ActiveCfg = Release|Any CPU
		{F179E042-268A-4966-A2F2-061BA0118235}.Release|Any CPU.Build.0 = Release|Any CPU
		{12A75979-8472-47D4-90D3-62A425172781}.Debug|Any CPU.ActiveCfg = Debug|Any CPU
		{12A75979-8472-47D4-90D3-62A425172781}.Debug|Any CPU.Build.0 = Debug|Any CPU
		{12A75979-8472-47D4-90D3-62A425172781}.Release|Any CPU.ActiveCfg = Release|Any CPU
		{12A75979-8472-47D4-90D3-62A425172781}.Release|Any CPU.Build.0 = Release|Any CPU
		{68DC06A1-9C4A-4BBD-AC5B-F7A9C501F4B6}.Debug|Any CPU.ActiveCfg = Debug|Any CPU
		{68DC06A1-9C4A-4BBD-AC5B-F7A9C501F4B6}.Debug|Any CPU.Build.0 = Debug|Any CPU
		{68DC06A1-9C4A-4BBD-AC5B-F7A9C501F4B6}.Release|Any CPU.ActiveCfg = Release|Any CPU
		{68DC06A1-9C4A-4BBD-AC5B-F7A9C501F4B6}.Release|Any CPU.Build.0 = Release|Any CPU
		{4EFB0675-0BAC-4EEA-8AEF-C8E74C7AB83E}.Debug|Any CPU.ActiveCfg = Debug|Any CPU
		{4EFB0675-0BAC-4EEA-8AEF-C8E74C7AB83E}.Debug|Any CPU.Build.0 = Debug|Any CPU
		{4EFB0675-0BAC-4EEA-8AEF-C8E74C7AB83E}.Release|Any CPU.ActiveCfg = Release|Any CPU
		{4EFB0675-0BAC-4EEA-8AEF-C8E74C7AB83E}.Release|Any CPU.Build.0 = Release|Any CPU
		{B10A5E7B-9EE6-4D0D-BEB0-A68D173E2BC1}.Debug|Any CPU.ActiveCfg = Debug|Any CPU
		{B10A5E7B-9EE6-4D0D-BEB0-A68D173E2BC1}.Debug|Any CPU.Build.0 = Debug|Any CPU
		{B10A5E7B-9EE6-4D0D-BEB0-A68D173E2BC1}.Release|Any CPU.ActiveCfg = Release|Any CPU
		{B10A5E7B-9EE6-4D0D-BEB0-A68D173E2BC1}.Release|Any CPU.Build.0 = Release|Any CPU
	EndGlobalSection
	GlobalSection(SolutionProperties) = preSolution
		HideSolutionNode = FALSE
	EndGlobalSection
	GlobalSection(ExtensibilityGlobals) = postSolution
		SolutionGuid = {C5F3523F-3A99-49A5-AA34-6B6EC802BDC6}
	EndGlobalSection
EndGlobal
